// !$*UTF8*$!
{
	archiveVersion = 1;
	classes = {
	};
	objectVersion = 46;
	objects = {

/* Begin PBXBuildFile section */
		261323D21CBD6B9700B0EE14 /* main.m in Sources */ = {isa = PBXBuildFile; fileRef = 261323D11CBD6B9700B0EE14 /* main.m */; };
		261323D51CBD6B9700B0EE14 /* AppDelegate.m in Sources */ = {isa = PBXBuildFile; fileRef = 261323D41CBD6B9700B0EE14 /* AppDelegate.m */; };
		261323DB1CBD6B9800B0EE14 /* Main.storyboard in Resources */ = {isa = PBXBuildFile; fileRef = 261323D91CBD6B9800B0EE14 /* Main.storyboard */; };
		261323DD1CBD6B9800B0EE14 /* Assets.xcassets in Resources */ = {isa = PBXBuildFile; fileRef = 261323DC1CBD6B9800B0EE14 /* Assets.xcassets */; };
		261323E01CBD6B9900B0EE14 /* LaunchScreen.storyboard in Resources */ = {isa = PBXBuildFile; fileRef = 261323DE1CBD6B9900B0EE14 /* LaunchScreen.storyboard */; };
		267316C81CBD70000081FFA8 /* TableViewController.m in Sources */ = {isa = PBXBuildFile; fileRef = 267316C71CBD70000081FFA8 /* TableViewController.m */; };
/* End PBXBuildFile section */

/* Begin PBXFileReference section */
		261323CD1CBD6B9700B0EE14 /* TableViewAutoLayout66plus.app */ = {isa = PBXFileReference; explicitFileType = wrapper.application; includeInIndex = 0; path = TableViewAutoLayout66plus.app; sourceTree = BUILT_PRODUCTS_DIR; };
		261323D11CBD6B9700B0EE14 /* main.m */ = {isa = PBXFileReference; lastKnownFileType = sourcecode.c.objc; path = main.m; sourceTree = "<group>"; };
		261323D31CBD6B9700B0EE14 /* AppDelegate.h */ = {isa = PBXFileReference; lastKnownFileType = sourcecode.c.h; path = AppDelegate.h; sourceTree = "<group>"; };
		261323D41CBD6B9700B0EE14 /* AppDelegate.m */ = {isa = PBXFileReference; lastKnownFileType = sourcecode.c.objc; path = AppDelegate.m; sourceTree = "<group>"; };
		261323DA1CBD6B9800B0EE14 /* Base */ = {isa = PBXFileReference; lastKnownFileType = file.storyboard; name = Base; path = Base.lproj/Main.storyboard; sourceTree = "<group>"; };
		261323DC1CBD6B9800B0EE14 /* Assets.xcassets */ = {isa = PBXFileReference; lastKnownFileType = folder.assetcatalog; path = Assets.xcassets; sourceTree = "<group>"; };
		261323DF1CBD6B9900B0EE14 /* Base */ = {isa = PBXFileReference; lastKnownFileType = file.storyboard; name = Base; path = Base.lproj/LaunchScreen.storyboard; sourceTree = "<group>"; };
		261323E11CBD6B9900B0EE14 /* Info.plist */ = {isa = PBXFileReference; lastKnownFileType = text.plist.xml; path = Info.plist; sourceTree = "<group>"; };
		267316C61CBD70000081FFA8 /* TableViewController.h */ = {isa = PBXFileReference; fileEncoding = 4; lastKnownFileType = sourcecode.c.h; name = TableViewController.h; path = ../TableViewController.h; sourceTree = "<group>"; };
		267316C71CBD70000081FFA8 /* TableViewController.m */ = {isa = PBXFileReference; fileEncoding = 4; lastKnownFileType = sourcecode.c.objc; name = TableViewController.m; path = ../TableViewController.m; sourceTree = "<group>"; };
/* End PBXFileReference section */

/* Begin PBXFrameworksBuildPhase section */
		261323CA1CBD6B9600B0EE14 /* Frameworks */ = {
			isa = PBXFrameworksBuildPhase;
			buildActionMask = 2147483647;
			files = (
			);
			runOnlyForDeploymentPostprocessing = 0;
		};
/* End PBXFrameworksBuildPhase section */

/* Begin PBXGroup section */
		261323C41CBD6B9600B0EE14 = {
			isa = PBXGroup;
			children = (
				261323CF1CBD6B9700B0EE14 /* TableViewAutoLayout66plus */,
				261323CE1CBD6B9700B0EE14 /* Products */,
			);
			sourceTree = "<group>";
		};
		261323CE1CBD6B9700B0EE14 /* Products */ = {
			isa = PBXGroup;
			children = (
				261323CD1CBD6B9700B0EE14 /* TableViewAutoLayout66plus.app */,
			);
			name = Products;
			sourceTree = "<group>";
		};
		261323CF1CBD6B9700B0EE14 /* TableViewAutoLayout66plus */ = {
			isa = PBXGroup;
			children = (
				261323D31CBD6B9700B0EE14 /* AppDelegate.h */,
				261323D41CBD6B9700B0EE14 /* AppDelegate.m */,
				267316C61CBD70000081FFA8 /* TableViewController.h */,
				267316C71CBD70000081FFA8 /* TableViewController.m */,
				261323D91CBD6B9800B0EE14 /* Main.storyboard */,
				261323DC1CBD6B9800B0EE14 /* Assets.xcassets */,
				261323DE1CBD6B9900B0EE14 /* LaunchScreen.storyboard */,
				261323E11CBD6B9900B0EE14 /* Info.plist */,
				261323D01CBD6B9700B0EE14 /* Supporting Files */,
			);
			path = TableViewAutoLayout66plus;
			sourceTree = "<group>";
		};
		261323D01CBD6B9700B0EE14 /* Supporting Files */ = {
			isa = PBXGroup;
			children = (
				261323D11CBD6B9700B0EE14 /* main.m */,
			);
			name = "Supporting Files";
			sourceTree = "<group>";
		};
/* End PBXGroup section */

/* Begin PBXNativeTarget section */
		261323CC1CBD6B9600B0EE14 /* TableViewAutoLayout66plus */ = {
			isa = PBXNativeTarget;
			buildConfigurationList = 261323E41CBD6B9A00B0EE14 /* Build configuration list for PBXNativeTarget "TableViewAutoLayout66plus" */;
			buildPhases = (
				261323C91CBD6B9600B0EE14 /* Sources */,
				261323CA1CBD6B9600B0EE14 /* Frameworks */,
				261323CB1CBD6B9600B0EE14 /* Resources */,
			);
			buildRules = (
			);
			dependencies = (
			);
			name = TableViewAutoLayout66plus;
			productName = TableViewAutoLayout66plus;
			productReference = 261323CD1CBD6B9700B0EE14 /* TableViewAutoLayout66plus.app */;
			productType = "com.apple.product-type.application";
		};
/* End PBXNativeTarget section */

/* Begin PBXProject section */
		261323C51CBD6B9600B0EE14 /* Project object */ = {
			isa = PBXProject;
			attributes = {
				LastUpgradeCheck = 0720;
				ORGANIZATIONNAME = Motley;
				TargetAttributes = {
					261323CC1CBD6B9600B0EE14 = {
						CreatedOnToolsVersion = 7.2.1;
					};
				};
			};
			buildConfigurationList = 261323C81CBD6B9600B0EE14 /* Build configuration list for PBXProject "TableViewAutoLayout66plus" */;
			compatibilityVersion = "Xcode 3.2";
			developmentRegion = English;
			hasScannedForEncodings = 0;
			knownRegions = (
				en,
				Base,
			);
			mainGroup = 261323C41CBD6B9600B0EE14;
			productRefGroup = 261323CE1CBD6B9700B0EE14 /* Products */;
			projectDirPath = "";
			projectRoot = "";
			targets = (
				261323CC1CBD6B9600B0EE14 /* TableViewAutoLayout66plus */,
			);
		};
/* End PBXProject section */

/* Begin PBXResourcesBuildPhase section */
		261323CB1CBD6B9600B0EE14 /* Resources */ = {
			isa = PBXResourcesBuildPhase;
			buildActionMask = 2147483647;
			files = (
				261323E01CBD6B9900B0EE14 /* LaunchScreen.storyboard in Resources */,
				261323DD1CBD6B9800B0EE14 /* Assets.xcassets in Resources */,
				261323DB1CBD6B9800B0EE14 /* Main.storyboard in Resources */,
			);
			runOnlyForDeploymentPostprocessing = 0;
		};
/* End PBXResourcesBuildPhase section */

/* Begin PBXSourcesBuildPhase section */
		261323C91CBD6B9600B0EE14 /* Sources */ = {
			isa = PBXSourcesBuildPhase;
			buildActionMask = 2147483647;
			files = (
				261323D51CBD6B9700B0EE14 /* AppDelegate.m in Sources */,
				267316C81CBD70000081FFA8 /* TableViewController.m in Sources */,
				261323D21CBD6B9700B0EE14 /* main.m in Sources */,
			);
			runOnlyForDeploymentPostprocessing = 0;
		};
/* End PBXSourcesBuildPhase section */

/* Begin PBXVariantGroup section */
		261323D91CBD6B9800B0EE14 /* Main.storyboard */ = {
			isa = PBXVariantGroup;
			children = (
				261323DA1CBD6B9800B0EE14 /* Base */,
			);
			name = Main.storyboard;
			sourceTree = "<group>";
		};
		261323DE1CBD6B9900B0EE14 /* LaunchScreen.storyboard */ = {
			isa = PBXVariantGroup;
			children = (
				261323DF1CBD6B9900B0EE14 /* Base */,
			);
			name = LaunchScreen.storyboard;
			sourceTree = "<group>";
		};
/* End PBXVariantGroup section */

/* Begin XCBuildConfiguration section */
		261323E21CBD6B9A00B0EE14 /* Debug */ = {
			isa = XCBuildConfiguration;
			buildSettings = {
				ALWAYS_SEARCH_USER_PATHS = NO;
				CLANG_CXX_LANGUAGE_STANDARD = "gnu++0x";
				CLANG_CXX_LIBRARY = "libc++";
				CLANG_ENABLE_MODULES = YES;
				CLANG_ENABLE_OBJC_ARC = YES;
				CLANG_WARN_BOOL_CONVERSION = YES;
				CLANG_WARN_CONSTANT_CONVERSION = YES;
				CLANG_WARN_DIRECT_OBJC_ISA_USAGE = YES_ERROR;
				CLANG_WARN_EMPTY_BODY = YES;
				CLANG_WARN_ENUM_CONVERSION = YES;
				CLANG_WARN_INT_CONVERSION = YES;
				CLANG_WARN_OBJC_ROOT_CLASS = YES_ERROR;
				CLANG_WARN_UNREACHABLE_CODE = YES;
				CLANG_WARN__DUPLICATE_METHOD_MATCH = YES;
				"CODE_SIGN_IDENTITY[sdk=iphoneos*]" = "iPhone Developer";
				COPY_PHASE_STRIP = NO;
				DEBUG_INFORMATION_FORMAT = dwarf;
				ENABLE_STRICT_OBJC_MSGSEND = YES;
				ENABLE_TESTABILITY = YES;
				GCC_C_LANGUAGE_STANDARD = gnu99;
				GCC_DYNAMIC_NO_PIC = NO;
				GCC_NO_COMMON_BLOCKS = YES;
				GCC_OPTIMIZATION_LEVEL = 0;
				GCC_PREPROCESSOR_DEFINITIONS = (
					"DEBUG=1",
					"$(inherited)",
				);
				GCC_WARN_64_TO_32_BIT_CONVERSION = YES;
				GCC_WARN_ABOUT_RETURN_TYPE = YES_ERROR;
				GCC_WARN_UNDECLARED_SELECTOR = YES;
				GCC_WARN_UNINITIALIZED_AUTOS = YES_AGGRESSIVE;
				GCC_WARN_UNUSED_FUNCTION = YES;
				GCC_WARN_UNUSED_VARIABLE = YES;
				IPHONEOS_DEPLOYMENT_TARGET = 9.2;
				MTL_ENABLE_DEBUG_INFO = YES;
				ONLY_ACTIVE_ARCH = YES;
				SDKROOT = iphoneos;
			};
			name = Debug;
		};
		261323E31CBD6B9A00B0EE14 /* Release */ = {
			isa = XCBuildConfiguration;
			buildSettings = {
				ALWAYS_SEARCH_USER_PATHS = NO;
				CLANG_CXX_LANGUAGE_STANDARD = "gnu++0x";
				CLANG_CXX_LIBRARY = "libc++";
				CLANG_ENABLE_MODULES = YES;
				CLANG_ENABLE_OBJC_ARC = YES;
				CLANG_WARN_BOOL_CONVERSION = YES;
				CLANG_WARN_CONSTANT_CONVERSION = YES;
				CLANG_WARN_DIRECT_OBJC_ISA_USAGE = YES_ERROR;
				CLANG_WARN_EMPTY_BODY = YES;
				CLANG_WARN_ENUM_CONVERSION = YES;
				CLANG_WARN_INT_CONVERSION = YES;
				CLANG_WARN_OBJC_ROOT_CLASS = YES_ERROR;
				CLANG_WARN_UNREACHABLE_CODE = YES;
				CLANG_WARN__DUPLICATE_METHOD_MATCH = YES;
				"CODE_SIGN_IDENTITY[sdk=iphoneos*]" = "iPhone Developer";
				COPY_PHASE_STRIP = NO;
				DEBUG_INFORMATION_FORMAT = "dwarf-with-dsym";
				ENABLE_NS_ASSERTIONS = NO;
				ENABLE_STRICT_OBJC_MSGSEND = YES;
				GCC_C_LANGUAGE_STANDARD = gnu99;
				GCC_NO_COMMON_BLOCKS = YES;
				GCC_WARN_64_TO_32_BIT_CONVERSION = YES;
				GCC_WARN_ABOUT_RETURN_TYPE = YES_ERROR;
				GCC_WARN_UNDECLARED_SELECTOR = YES;
				GCC_WARN_UNINITIALIZED_AUTOS = YES_AGGRESSIVE;
				GCC_WARN_UNUSED_FUNCTION = YES;
				GCC_WARN_UNUSED_VARIABLE = YES;
				IPHONEOS_DEPLOYMENT_TARGET = 9.2;
				MTL_ENABLE_DEBUG_INFO = NO;
				SDKROOT = iphoneos;
				VALIDATE_PRODUCT = YES;
			};
			name = Release;
		};
		261323E51CBD6B9A00B0EE14 /* Debug */ = {
			isa = XCBuildConfiguration;
			buildSettings = {
				ASSETCATALOG_COMPILER_APPICON_NAME = AppIcon;
				INFOPLIST_FILE = TableViewAutoLayout66plus/Info.plist;
				IPHONEOS_DEPLOYMENT_TARGET = 9.1;
				LD_RUNPATH_SEARCH_PATHS = "$(inherited) @executable_path/Frameworks";
				PRODUCT_BUNDLE_IDENTIFIER = Motley.TableViewAutoLayout66plus;
				PRODUCT_NAME = "$(TARGET_NAME)";
			};
			name = Debug;
		};
		261323E61CBD6B9A00B0EE14 /* Release */ = {
			isa = XCBuildConfiguration;
			buildSettings = {
				ASSETCATALOG_COMPILER_APPICON_NAME = AppIcon;
				INFOPLIST_FILE = TableViewAutoLayout66plus/Info.plist;
				IPHONEOS_DEPLOYMENT_TARGET = 9.1;
				LD_RUNPATH_SEARCH_PATHS = "$(inherited) @executable_path/Frameworks";
				PRODUCT_BUNDLE_IDENTIFIER = Motley.TableViewAutoLayout66plus;
				PRODUCT_NAME = "$(TARGET_NAME)";
			};
			name = Release;
		};
/* End XCBuildConfiguration section */

/* Begin XCConfigurationList section */
		261323C81CBD6B9600B0EE14 /* Build configuration list for PBXProject "TableViewAutoLayout66plus" */ = {
			isa = XCConfigurationList;
			buildConfigurations = (
				261323E21CBD6B9A00B0EE14 /* Debug */,
				261323E31CBD6B9A00B0EE14 /* Release */,
			);
			defaultConfigurationIsVisible = 0;
			defaultConfigurationName = Release;
		};
		261323E41CBD6B9A00B0EE14 /* Build configuration list for PBXNativeTarget "TableViewAutoLayout66plus" */ = {
			isa = XCConfigurationList;
			buildConfigurations = (
				261323E51CBD6B9A00B0EE14 /* Debug */,
				261323E61CBD6B9A00B0EE14 /* Release */,
			);
			defaultConfigurationIsVisible = 0;
			defaultConfigurationName = Release;
		};
/* End XCConfigurationList section */
	};
	rootObject = 261323C51CBD6B9600B0EE14 /* Project object */;
}
